
Microsoft Visual Studio Solution File, Format Version 12.00
# Visual Studio Version 16
VisualStudioVersion = 16.0.34114.132
MinimumVisualStudioVersion = 10.0.40219.1
Project("{2150E333-8FDC-42A3-9474-1A3956D46DE8}") = "Task0", "Task0", "{E5248A9B-5451-46D0-BFAD-937EDADD6B32}"
EndProject
Project("{FAE04EC0-301F-11D3-BF4B-00C04F79EFBC}") = "Tyuiu.SokolovaAA.Sprint5.Task0.V9", "Tyuiu.SokolovaAA.Sprint5.Task0.V9\Tyuiu.SokolovaAA.Sprint5.Task0.V9.csproj", "{44240E6B-D9FC-4DD9-86D5-03427643ED19}"
EndProject
Project("{FAE04EC0-301F-11D3-BF4B-00C04F79EFBC}") = "Tyuiu.SokolovaAA.Sprint5.Task0.V9.Lib", "Tyuiu.SokolovaAA.Sprint5.Task0.V9.Lib\Tyuiu.SokolovaAA.Sprint5.Task0.V9.Lib.csproj", "{F3C4CDD5-8A1D-41FC-96A7-060BAAF7D9EE}"
EndProject
Project("{FAE04EC0-301F-11D3-BF4B-00C04F79EFBC}") = "Tyuiu.SokolovaAA.Sprint5.Task0.V9.Test", "Tyuiu.SokolovaAA.Sprint5.Task0.V9.Test\Tyuiu.SokolovaAA.Sprint5.Task0.V9.Test.csproj", "{F524F29F-84DD-4D24-BDBC-D1C7EDF11CB8}"
EndProject
Project("{2150E333-8FDC-42A3-9474-1A3956D46DE8}") = "Task1", "Task1", "{9C5609F5-BDE5-47F5-A103-F0800A8B36DA}"
EndProject
Project("{FAE04EC0-301F-11D3-BF4B-00C04F79EFBC}") = "Tyuiu.SokolovaAA.Sprint5.Task1.V14", "Tyuiu.SokolovaAA.Sprint5.Task1.V14\Tyuiu.SokolovaAA.Sprint5.Task1.V14.csproj", "{EA85DF17-92DE-4413-977E-A36268013390}"
EndProject
Project("{FAE04EC0-301F-11D3-BF4B-00C04F79EFBC}") = "Tyuiu.SokolovaAA.Sprint5.Task1.V14.Lib", "Tyuiu.SokolovaAA.Sprint5.Task1.V14.Lib\Tyuiu.SokolovaAA.Sprint5.Task1.V14.Lib.csproj", "{DCDBCB05-5F1A-4CC9-8A2C-2E5D00B22164}"
EndProject
Project("{FAE04EC0-301F-11D3-BF4B-00C04F79EFBC}") = "Tyuiu.SokolovaAA.Sprint5.Task1.V14.Test", "Tyuiu.SokolovaAA.Sprint5.Task1.V14.Test\Tyuiu.SokolovaAA.Sprint5.Task1.V14.Test.csproj", "{8C6B507F-BC33-4126-8D90-648578DD749C}"
EndProject
Project("{2150E333-8FDC-42A3-9474-1A3956D46DE8}") = "Task2", "Task2", "{47C2F4EB-4B41-460B-A847-8FF5DFEB51DF}"
EndProject
Project("{FAE04EC0-301F-11D3-BF4B-00C04F79EFBC}") = "Tyuiu.SokolovaAA.Sprint5.Task2.V12", "Tyuiu.SokolovaAA.Sprint5.Task2.V12\Tyuiu.SokolovaAA.Sprint5.Task2.V12.csproj", "{2B2FC2BD-D6D6-4B4E-BCD9-E2628FD26006}"
EndProject
Project("{FAE04EC0-301F-11D3-BF4B-00C04F79EFBC}") = "Tyuiu.SokolovaAA.Sprint5.Task2.V12.Lib", "Tyuiu.SokolovaAA.Sprint5.Task2.V12.Lib\Tyuiu.SokolovaAA.Sprint5.Task2.V12.Lib.csproj", "{1AD3CC53-7B88-496F-9539-260DFA3E5629}"
EndProject
Project("{FAE04EC0-301F-11D3-BF4B-00C04F79EFBC}") = "Tyuiu.SokolovaAA.Sprint5.Task2.V12.Test", "Tyuiu.SokolovaAA.Sprint5.Task2.V12.Test\Tyuiu.SokolovaAA.Sprint5.Task2.V12.Test.csproj", "{A91A31BA-5743-4032-A636-47C6ED091909}"
EndProject
Project("{2150E333-8FDC-42A3-9474-1A3956D46DE8}") = "Task5", "Task5", "{0876EBE1-ABD4-441E-9B23-BFDEA3636888}"
EndProject
Project("{FAE04EC0-301F-11D3-BF4B-00C04F79EFBC}") = "Tyuiu.SokolovaAA.Sprint5.Task3.V30", "Tyuiu.SokolovaAA.Sprint5.Task3.V30\Tyuiu.SokolovaAA.Sprint5.Task3.V30.csproj", "{5B2C741F-959B-4283-9BF6-050CE133F221}"
EndProject
Project("{FAE04EC0-301F-11D3-BF4B-00C04F79EFBC}") = "Tyuiu.SokolovaAA.Sprint5.Task3.V30.Lib", "Tyuiu.SokolovaAA.Sprint5.Task3.V30.Lib\Tyuiu.SokolovaAA.Sprint5.Task3.V30.Lib.csproj", "{79E03AD9-DC9E-4F67-A2FF-9DE6BA4E3FAC}"
EndProject
Project("{FAE04EC0-301F-11D3-BF4B-00C04F79EFBC}") = "Tyuiu.SokolovaAA.Sprint5.Task3.V30.Test", "Tyuiu.SokolovaAA.Sprint5.Task3.V30.Test\Tyuiu.SokolovaAA.Sprint5.Task3.V30.Test.csproj", "{6DD402EC-ACE4-4818-92F5-0CE9C27115E7}"
EndProject
Global
	GlobalSection(SolutionConfigurationPlatforms) = preSolution
		Debug|Any CPU = Debug|Any CPU
		Release|Any CPU = Release|Any CPU
	EndGlobalSection
	GlobalSection(ProjectConfigurationPlatforms) = postSolution
		{44240E6B-D9FC-4DD9-86D5-03427643ED19}.Debug|Any CPU.ActiveCfg = Debug|Any CPU
		{44240E6B-D9FC-4DD9-86D5-03427643ED19}.Debug|Any CPU.Build.0 = Debug|Any CPU
		{44240E6B-D9FC-4DD9-86D5-03427643ED19}.Release|Any CPU.ActiveCfg = Release|Any CPU
		{44240E6B-D9FC-4DD9-86D5-03427643ED19}.Release|Any CPU.Build.0 = Release|Any CPU
		{F3C4CDD5-8A1D-41FC-96A7-060BAAF7D9EE}.Debug|Any CPU.ActiveCfg = Debug|Any CPU
		{F3C4CDD5-8A1D-41FC-96A7-060BAAF7D9EE}.Debug|Any CPU.Build.0 = Debug|Any CPU
		{F3C4CDD5-8A1D-41FC-96A7-060BAAF7D9EE}.Release|Any CPU.ActiveCfg = Release|Any CPU
		{F3C4CDD5-8A1D-41FC-96A7-060BAAF7D9EE}.Release|Any CPU.Build.0 = Release|Any CPU
		{F524F29F-84DD-4D24-BDBC-D1C7EDF11CB8}.Debug|Any CPU.ActiveCfg = Debug|Any CPU
		{F524F29F-84DD-4D24-BDBC-D1C7EDF11CB8}.Debug|Any CPU.Build.0 = Debug|Any CPU
		{F524F29F-84DD-4D24-BDBC-D1C7EDF11CB8}.Release|Any CPU.ActiveCfg = Release|Any CPU
		{F524F29F-84DD-4D24-BDBC-D1C7EDF11CB8}.Release|Any CPU.Build.0 = Release|Any CPU
		{EA85DF17-92DE-4413-977E-A36268013390}.Debug|Any CPU.ActiveCfg = Debug|Any CPU
		{EA85DF17-92DE-4413-977E-A36268013390}.Debug|Any CPU.Build.0 = Debug|Any CPU
		{EA85DF17-92DE-4413-977E-A36268013390}.Release|Any CPU.ActiveCfg = Release|Any CPU
		{EA85DF17-92DE-4413-977E-A36268013390}.Release|Any CPU.Build.0 = Release|Any CPU
		{DCDBCB05-5F1A-4CC9-8A2C-2E5D00B22164}.Debug|Any CPU.ActiveCfg = Debug|Any CPU
		{DCDBCB05-5F1A-4CC9-8A2C-2E5D00B22164}.Debug|Any CPU.Build.0 = Debug|Any CPU
		{DCDBCB05-5F1A-4CC9-8A2C-2E5D00B22164}.Release|Any CPU.ActiveCfg = Release|Any CPU
		{DCDBCB05-5F1A-4CC9-8A2C-2E5D00B22164}.Release|Any CPU.Build.0 = Release|Any CPU
		{8C6B507F-BC33-4126-8D90-648578DD749C}.Debug|Any CPU.ActiveCfg = Debug|Any CPU
		{8C6B507F-BC33-4126-8D90-648578DD749C}.Debug|Any CPU.Build.0 = Debug|Any CPU
		{8C6B507F-BC33-4126-8D90-648578DD749C}.Release|Any CPU.ActiveCfg = Release|Any CPU
		{8C6B507F-BC33-4126-8D90-648578DD749C}.Release|Any CPU.Build.0 = Release|Any CPU
		{2B2FC2BD-D6D6-4B4E-BCD9-E2628FD26006}.Debug|Any CPU.ActiveCfg = Debug|Any CPU
		{2B2FC2BD-D6D6-4B4E-BCD9-E2628FD26006}.Debug|Any CPU.Build.0 = Debug|Any CPU
		{2B2FC2BD-D6D6-4B4E-BCD9-E2628FD26006}.Release|Any CPU.ActiveCfg = Release|Any CPU
		{2B2FC2BD-D6D6-4B4E-BCD9-E2628FD26006}.Release|Any CPU.Build.0 = Release|Any CPU
		{1AD3CC53-7B88-496F-9539-260DFA3E5629}.Debug|Any CPU.ActiveCfg = Debug|Any CPU
		{1AD3CC53-7B88-496F-9539-260DFA3E5629}.Debug|Any CPU.Build.0 = Debug|Any CPU
		{1AD3CC53-7B88-496F-9539-260DFA3E5629}.Release|Any CPU.ActiveCfg = Release|Any CPU
		{1AD3CC53-7B88-496F-9539-260DFA3E5629}.Release|Any CPU.Build.0 = Release|Any CPU
		{A91A31BA-5743-4032-A636-47C6ED091909}.Debug|Any CPU.ActiveCfg = Debug|Any CPU
		{A91A31BA-5743-4032-A636-47C6ED091909}.Debug|Any CPU.Build.0 = Debug|Any CPU
		{A91A31BA-5743-4032-A636-47C6ED091909}.Release|Any CPU.ActiveCfg = Release|Any CPU
		{A91A31BA-5743-4032-A636-47C6ED091909}.Release|Any CPU.Build.0 = Release|Any CPU
		{5B2C741F-959B-4283-9BF6-050CE133F221}.Debug|Any CPU.ActiveCfg = Debug|Any CPU
		{5B2C741F-959B-4283-9BF6-050CE133F221}.Debug|Any CPU.Build.0 = Debug|Any CPU
		{5B2C741F-959B-4283-9BF6-050CE133F221}.Release|Any CPU.ActiveCfg = Release|Any CPU
		{5B2C741F-959B-4283-9BF6-050CE133F221}.Release|Any CPU.Build.0 = Release|Any CPU
		{79E03AD9-DC9E-4F67-A2FF-9DE6BA4E3FAC}.Debug|Any CPU.ActiveCfg = Debug|Any CPU
		{79E03AD9-DC9E-4F67-A2FF-9DE6BA4E3FAC}.Debug|Any CPU.Build.0 = Debug|Any CPU
		{79E03AD9-DC9E-4F67-A2FF-9DE6BA4E3FAC}.Release|Any CPU.ActiveCfg = Release|Any CPU
		{79E03AD9-DC9E-4F67-A2FF-9DE6BA4E3FAC}.Release|Any CPU.Build.0 = Release|Any CPU
		{6DD402EC-ACE4-4818-92F5-0CE9C27115E7}.Debug|Any CPU.ActiveCfg = Debug|Any CPU
		{6DD402EC-ACE4-4818-92F5-0CE9C27115E7}.Debug|Any CPU.Build.0 = Debug|Any CPU
		{6DD402EC-ACE4-4818-92F5-0CE9C27115E7}.Release|Any CPU.ActiveCfg = Release|Any CPU
		{6DD402EC-ACE4-4818-92F5-0CE9C27115E7}.Release|Any CPU.Build.0 = Release|Any CPU
	EndGlobalSection
	GlobalSection(SolutionProperties) = preSolution
		HideSolutionNode = FALSE
	EndGlobalSection
	GlobalSection(NestedProjects) = preSolution
		{44240E6B-D9FC-4DD9-86D5-03427643ED19} = {E5248A9B-5451-46D0-BFAD-937EDADD6B32}
		{F3C4CDD5-8A1D-41FC-96A7-060BAAF7D9EE} = {E5248A9B-5451-46D0-BFAD-937EDADD6B32}
		{F524F29F-84DD-4D24-BDBC-D1C7EDF11CB8} = {E5248A9B-5451-46D0-BFAD-937EDADD6B32}
		{EA85DF17-92DE-4413-977E-A36268013390} = {9C5609F5-BDE5-47F5-A103-F0800A8B36DA}
		{DCDBCB05-5F1A-4CC9-8A2C-2E5D00B22164} = {9C5609F5-BDE5-47F5-A103-F0800A8B36DA}
		{8C6B507F-BC33-4126-8D90-648578DD749C} = {9C5609F5-BDE5-47F5-A103-F0800A8B36DA}
		{2B2FC2BD-D6D6-4B4E-BCD9-E2628FD26006} = {47C2F4EB-4B41-460B-A847-8FF5DFEB51DF}
		{1AD3CC53-7B88-496F-9539-260DFA3E5629} = {47C2F4EB-4B41-460B-A847-8FF5DFEB51DF}
		{A91A31BA-5743-4032-A636-47C6ED091909} = {47C2F4EB-4B41-460B-A847-8FF5DFEB51DF}
		{5B2C741F-959B-4283-9BF6-050CE133F221} = {0876EBE1-ABD4-441E-9B23-BFDEA3636888}
		{79E03AD9-DC9E-4F67-A2FF-9DE6BA4E3FAC} = {0876EBE1-ABD4-441E-9B23-BFDEA3636888}
		{6DD402EC-ACE4-4818-92F5-0CE9C27115E7} = {0876EBE1-ABD4-441E-9B23-BFDEA3636888}
	EndGlobalSection
	GlobalSection(ExtensibilityGlobals) = postSolution
		SolutionGuid = {FF266DA1-E54D-4360-ADCE-E895B37CCAF9}
	EndGlobalSection
EndGlobal
