
Microsoft Visual Studio Solution File, Format Version 12.00
# Visual Studio Version 16
VisualStudioVersion = 16.0.34114.132
MinimumVisualStudioVersion = 10.0.40219.1
Project("{2150E333-8FDC-42A3-9474-1A3956D46DE8}") = "Task0", "Task0", "{E5248A9B-5451-46D0-BFAD-937EDADD6B32}"
EndProject
Project("{FAE04EC0-301F-11D3-BF4B-00C04F79EFBC}") = "Tyuiu.SokolovaAA.Sprint5.Task0.V9", "Tyuiu.SokolovaAA.Sprint5.Task0.V9\Tyuiu.SokolovaAA.Sprint5.Task0.V9.csproj", "{44240E6B-D9FC-4DD9-86D5-03427643ED19}"
EndProject
Project("{FAE04EC0-301F-11D3-BF4B-00C04F79EFBC}") = "Tyuiu.SokolovaAA.Sprint5.Task0.V9.Lib", "Tyuiu.SokolovaAA.Sprint5.Task0.V9.Lib\Tyuiu.SokolovaAA.Sprint5.Task0.V9.Lib.csproj", "{F3C4CDD5-8A1D-41FC-96A7-060BAAF7D9EE}"
EndProject
Project("{FAE04EC0-301F-11D3-BF4B-00C04F79EFBC}") = "Tyuiu.SokolovaAA.Sprint5.Task0.V9.Test", "Tyuiu.SokolovaAA.Sprint5.Task0.V9.Test\Tyuiu.SokolovaAA.Sprint5.Task0.V9.Test.csproj", "{F524F29F-84DD-4D24-BDBC-D1C7EDF11CB8}"
EndProject
Project("{2150E333-8FDC-42A3-9474-1A3956D46DE8}") = "Task1", "Task1", "{9C5609F5-BDE5-47F5-A103-F0800A8B36DA}"
EndProject
Project("{FAE04EC0-301F-11D3-BF4B-00C04F79EFBC}") = "Tyuiu.SokolovaAA.Sprint5.Task1.V14", "Tyuiu.SokolovaAA.Sprint5.Task1.V14\Tyuiu.SokolovaAA.Sprint5.Task1.V14.csproj", "{EA85DF17-92DE-4413-977E-A36268013390}"
EndProject
Project("{FAE04EC0-301F-11D3-BF4B-00C04F79EFBC}") = "Tyuiu.SokolovaAA.Sprint5.Task1.V14.Lib", "Tyuiu.SokolovaAA.Sprint5.Task1.V14.Lib\Tyuiu.SokolovaAA.Sprint5.Task1.V14.Lib.csproj", "{DCDBCB05-5F1A-4CC9-8A2C-2E5D00B22164}"
EndProject
Project("{FAE04EC0-301F-11D3-BF4B-00C04F79EFBC}") = "Tyuiu.SokolovaAA.Sprint5.Task1.V14.Test", "Tyuiu.SokolovaAA.Sprint5.Task1.V14.Test\Tyuiu.SokolovaAA.Sprint5.Task1.V14.Test.csproj", "{8C6B507F-BC33-4126-8D90-648578DD749C}"
EndProject
Project("{2150E333-8FDC-42A3-9474-1A3956D46DE8}") = "Task2", "Task2", "{47C2F4EB-4B41-460B-A847-8FF5DFEB51DF}"
EndProject
Project("{FAE04EC0-301F-11D3-BF4B-00C04F79EFBC}") = "Tyuiu.SokolovaAA.Sprint5.Task2.V12", "Tyuiu.SokolovaAA.Sprint5.Task2.V12\Tyuiu.SokolovaAA.Sprint5.Task2.V12.csproj", "{2B2FC2BD-D6D6-4B4E-BCD9-E2628FD26006}"
EndProject
Project("{FAE04EC0-301F-11D3-BF4B-00C04F79EFBC}") = "Tyuiu.SokolovaAA.Sprint5.Task2.V12.Lib", "Tyuiu.SokolovaAA.Sprint5.Task2.V12.Lib\Tyuiu.SokolovaAA.Sprint5.Task2.V12.Lib.csproj", "{1AD3CC53-7B88-496F-9539-260DFA3E5629}"
EndProject
Project("{FAE04EC0-301F-11D3-BF4B-00C04F79EFBC}") = "Tyuiu.SokolovaAA.Sprint5.Task2.V12.Test", "Tyuiu.SokolovaAA.Sprint5.Task2.V12.Test\Tyuiu.SokolovaAA.Sprint5.Task2.V12.Test.csproj", "{A91A31BA-5743-4032-A636-47C6ED091909}"
EndProject
Project("{2150E333-8FDC-42A3-9474-1A3956D46DE8}") = "Task3", "Task3", "{0876EBE1-ABD4-441E-9B23-BFDEA3636888}"
EndProject
Project("{FAE04EC0-301F-11D3-BF4B-00C04F79EFBC}") = "Tyuiu.SokolovaAA.Sprint5.Task3.V30", "Tyuiu.SokolovaAA.Sprint5.Task3.V30\Tyuiu.SokolovaAA.Sprint5.Task3.V30.csproj", "{5B2C741F-959B-4283-9BF6-050CE133F221}"
EndProject
Project("{FAE04EC0-301F-11D3-BF4B-00C04F79EFBC}") = "Tyuiu.SokolovaAA.Sprint5.Task3.V30.Lib", "Tyuiu.SokolovaAA.Sprint5.Task3.V30.Lib\Tyuiu.SokolovaAA.Sprint5.Task3.V30.Lib.csproj", "{79E03AD9-DC9E-4F67-A2FF-9DE6BA4E3FAC}"
EndProject
Project("{FAE04EC0-301F-11D3-BF4B-00C04F79EFBC}") = "Tyuiu.SokolovaAA.Sprint5.Task3.V30.Test", "Tyuiu.SokolovaAA.Sprint5.Task3.V30.Test\Tyuiu.SokolovaAA.Sprint5.Task3.V30.Test.csproj", "{6DD402EC-ACE4-4818-92F5-0CE9C27115E7}"
EndProject
Project("{2150E333-8FDC-42A3-9474-1A3956D46DE8}") = "Task4", "Task4", "{64FC47BD-5B88-47DD-9DA9-EF208E80951E}"
EndProject
Project("{FAE04EC0-301F-11D3-BF4B-00C04F79EFBC}") = "Tyuiu.SokolovaAA.Sprint5.Task4.V17", "Tyuiu.SokolovaAA.Sprint5.Task4.V17\Tyuiu.SokolovaAA.Sprint5.Task4.V17.csproj", "{BEE97C61-DD5A-43DF-BB0F-692746F01248}"
EndProject
Project("{FAE04EC0-301F-11D3-BF4B-00C04F79EFBC}") = "Tyuiu.SokolovaAA.Sprint5.Task4.V17.Lib", "Tyuiu.SokolovaAA.Sprint5.Task4.V17.Lib\Tyuiu.SokolovaAA.Sprint5.Task4.V17.Lib.csproj", "{BCFF8B10-7C47-4493-86CA-C79109FDD880}"
EndProject
Project("{FAE04EC0-301F-11D3-BF4B-00C04F79EFBC}") = "Tyuiu.SokolovaAA.Sprint5.Task4.V17.Test", "Tyuiu.SokolovaAA.Sprint5.Task4.V17.Test\Tyuiu.SokolovaAA.Sprint5.Task4.V17.Test.csproj", "{A5273F13-BCEC-4A15-BAC1-6E2B5E47FC85}"
EndProject
Project("{2150E333-8FDC-42A3-9474-1A3956D46DE8}") = "Task5", "Task5", "{36F4CF19-D64E-4FE8-AFEC-BB7BEBAD9C5D}"
EndProject
Project("{FAE04EC0-301F-11D3-BF4B-00C04F79EFBC}") = "Tyuiu.SokolovaAA.Sprint5.Task5.V3", "Tyuiu.SokolovaAA.Sprint5.Task5.V3\Tyuiu.SokolovaAA.Sprint5.Task5.V3.csproj", "{9D30CCE1-957B-4827-B4CA-50CA86D22C5D}"
EndProject
Project("{FAE04EC0-301F-11D3-BF4B-00C04F79EFBC}") = "Tyuiu.SokolovaAA.Sprint5.Task5.V3.Lib", "Tyuiu.SokolovaAA.Sprint5.Task5.V3.Lib\Tyuiu.SokolovaAA.Sprint5.Task5.V3.Lib.csproj", "{44B9510D-CD40-4332-9118-0400789FA812}"
EndProject
Project("{FAE04EC0-301F-11D3-BF4B-00C04F79EFBC}") = "Tyuiu.SokolovaAA.Sprint5.Task5.V3.Test", "Tyuiu.SokolovaAA.Sprint5.Task5.V3.Test\Tyuiu.SokolovaAA.Sprint5.Task5.V3.Test.csproj", "{1DF004CB-15B6-4024-8B3C-96CA7FF82002}"
EndProject
Project("{2150E333-8FDC-42A3-9474-1A3956D46DE8}") = "Task6", "Task6", "{E4543B71-F8A5-4CD3-A54C-87A4753F2F95}"
EndProject
Project("{FAE04EC0-301F-11D3-BF4B-00C04F79EFBC}") = "Tyuiu.SokolovaAA.Sprint5.Task6.V28", "Tyuiu.SokolovaAA.Sprint5.Task6.V28\Tyuiu.SokolovaAA.Sprint5.Task6.V28.csproj", "{083C6309-9D23-486F-B0CC-79D10BF3187E}"
EndProject
Project("{FAE04EC0-301F-11D3-BF4B-00C04F79EFBC}") = "Tyuiu.SokolovaAA.Sprint5.Task6.V28.Lib", "Tyuiu.SokolovaAA.Sprint5.Task6.V28.Lib\Tyuiu.SokolovaAA.Sprint5.Task6.V28.Lib.csproj", "{0F2E4A67-3449-462E-87C7-A64EA1471D5C}"
EndProject
Project("{FAE04EC0-301F-11D3-BF4B-00C04F79EFBC}") = "Tyuiu.SokolovaAA.Sprint5.Task6.V28.Test", "Tyuiu.SokolovaAA.Sprint5.Task6.V28.Test\Tyuiu.SokolovaAA.Sprint5.Task6.V28.Test.csproj", "{AEBB8AE2-1B64-4CE0-948A-23D7B259B47A}"
EndProject
Global
	GlobalSection(SolutionConfigurationPlatforms) = preSolution
		Debug|Any CPU = Debug|Any CPU
		Release|Any CPU = Release|Any CPU
	EndGlobalSection
	GlobalSection(ProjectConfigurationPlatforms) = postSolution
		{44240E6B-D9FC-4DD9-86D5-03427643ED19}.Debug|Any CPU.ActiveCfg = Debug|Any CPU
		{44240E6B-D9FC-4DD9-86D5-03427643ED19}.Debug|Any CPU.Build.0 = Debug|Any CPU
		{44240E6B-D9FC-4DD9-86D5-03427643ED19}.Release|Any CPU.ActiveCfg = Release|Any CPU
		{44240E6B-D9FC-4DD9-86D5-03427643ED19}.Release|Any CPU.Build.0 = Release|Any CPU
		{F3C4CDD5-8A1D-41FC-96A7-060BAAF7D9EE}.Debug|Any CPU.ActiveCfg = Debug|Any CPU
		{F3C4CDD5-8A1D-41FC-96A7-060BAAF7D9EE}.Debug|Any CPU.Build.0 = Debug|Any CPU
		{F3C4CDD5-8A1D-41FC-96A7-060BAAF7D9EE}.Release|Any CPU.ActiveCfg = Release|Any CPU
		{F3C4CDD5-8A1D-41FC-96A7-060BAAF7D9EE}.Release|Any CPU.Build.0 = Release|Any CPU
		{F524F29F-84DD-4D24-BDBC-D1C7EDF11CB8}.Debug|Any CPU.ActiveCfg = Debug|Any CPU
		{F524F29F-84DD-4D24-BDBC-D1C7EDF11CB8}.Debug|Any CPU.Build.0 = Debug|Any CPU
		{F524F29F-84DD-4D24-BDBC-D1C7EDF11CB8}.Release|Any CPU.ActiveCfg = Release|Any CPU
		{F524F29F-84DD-4D24-BDBC-D1C7EDF11CB8}.Release|Any CPU.Build.0 = Release|Any CPU
		{EA85DF17-92DE-4413-977E-A36268013390}.Debug|Any CPU.ActiveCfg = Debug|Any CPU
		{EA85DF17-92DE-4413-977E-A36268013390}.Debug|Any CPU.Build.0 = Debug|Any CPU
		{EA85DF17-92DE-4413-977E-A36268013390}.Release|Any CPU.ActiveCfg = Release|Any CPU
		{EA85DF17-92DE-4413-977E-A36268013390}.Release|Any CPU.Build.0 = Release|Any CPU
		{DCDBCB05-5F1A-4CC9-8A2C-2E5D00B22164}.Debug|Any CPU.ActiveCfg = Debug|Any CPU
		{DCDBCB05-5F1A-4CC9-8A2C-2E5D00B22164}.Debug|Any CPU.Build.0 = Debug|Any CPU
		{DCDBCB05-5F1A-4CC9-8A2C-2E5D00B22164}.Release|Any CPU.ActiveCfg = Release|Any CPU
		{DCDBCB05-5F1A-4CC9-8A2C-2E5D00B22164}.Release|Any CPU.Build.0 = Release|Any CPU
		{8C6B507F-BC33-4126-8D90-648578DD749C}.Debug|Any CPU.ActiveCfg = Debug|Any CPU
		{8C6B507F-BC33-4126-8D90-648578DD749C}.Debug|Any CPU.Build.0 = Debug|Any CPU
		{8C6B507F-BC33-4126-8D90-648578DD749C}.Release|Any CPU.ActiveCfg = Release|Any CPU
		{8C6B507F-BC33-4126-8D90-648578DD749C}.Release|Any CPU.Build.0 = Release|Any CPU
		{2B2FC2BD-D6D6-4B4E-BCD9-E2628FD26006}.Debug|Any CPU.ActiveCfg = Debug|Any CPU
		{2B2FC2BD-D6D6-4B4E-BCD9-E2628FD26006}.Debug|Any CPU.Build.0 = Debug|Any CPU
		{2B2FC2BD-D6D6-4B4E-BCD9-E2628FD26006}.Release|Any CPU.ActiveCfg = Release|Any CPU
		{2B2FC2BD-D6D6-4B4E-BCD9-E2628FD26006}.Release|Any CPU.Build.0 = Release|Any CPU
		{1AD3CC53-7B88-496F-9539-260DFA3E5629}.Debug|Any CPU.ActiveCfg = Debug|Any CPU
		{1AD3CC53-7B88-496F-9539-260DFA3E5629}.Debug|Any CPU.Build.0 = Debug|Any CPU
		{1AD3CC53-7B88-496F-9539-260DFA3E5629}.Release|Any CPU.ActiveCfg = Release|Any CPU
		{1AD3CC53-7B88-496F-9539-260DFA3E5629}.Release|Any CPU.Build.0 = Release|Any CPU
		{A91A31BA-5743-4032-A636-47C6ED091909}.Debug|Any CPU.ActiveCfg = Debug|Any CPU
		{A91A31BA-5743-4032-A636-47C6ED091909}.Debug|Any CPU.Build.0 = Debug|Any CPU
		{A91A31BA-5743-4032-A636-47C6ED091909}.Release|Any CPU.ActiveCfg = Release|Any CPU
		{A91A31BA-5743-4032-A636-47C6ED091909}.Release|Any CPU.Build.0 = Release|Any CPU
		{5B2C741F-959B-4283-9BF6-050CE133F221}.Debug|Any CPU.ActiveCfg = Debug|Any CPU
		{5B2C741F-959B-4283-9BF6-050CE133F221}.Debug|Any CPU.Build.0 = Debug|Any CPU
		{5B2C741F-959B-4283-9BF6-050CE133F221}.Release|Any CPU.ActiveCfg = Release|Any CPU
		{5B2C741F-959B-4283-9BF6-050CE133F221}.Release|Any CPU.Build.0 = Release|Any CPU
		{79E03AD9-DC9E-4F67-A2FF-9DE6BA4E3FAC}.Debug|Any CPU.ActiveCfg = Debug|Any CPU
		{79E03AD9-DC9E-4F67-A2FF-9DE6BA4E3FAC}.Debug|Any CPU.Build.0 = Debug|Any CPU
		{79E03AD9-DC9E-4F67-A2FF-9DE6BA4E3FAC}.Release|Any CPU.ActiveCfg = Release|Any CPU
		{79E03AD9-DC9E-4F67-A2FF-9DE6BA4E3FAC}.Release|Any CPU.Build.0 = Release|Any CPU
		{6DD402EC-ACE4-4818-92F5-0CE9C27115E7}.Debug|Any CPU.ActiveCfg = Debug|Any CPU
		{6DD402EC-ACE4-4818-92F5-0CE9C27115E7}.Debug|Any CPU.Build.0 = Debug|Any CPU
		{6DD402EC-ACE4-4818-92F5-0CE9C27115E7}.Release|Any CPU.ActiveCfg = Release|Any CPU
		{6DD402EC-ACE4-4818-92F5-0CE9C27115E7}.Release|Any CPU.Build.0 = Release|Any CPU
		{BEE97C61-DD5A-43DF-BB0F-692746F01248}.Debug|Any CPU.ActiveCfg = Debug|Any CPU
		{BEE97C61-DD5A-43DF-BB0F-692746F01248}.Debug|Any CPU.Build.0 = Debug|Any CPU
		{BEE97C61-DD5A-43DF-BB0F-692746F01248}.Release|Any CPU.ActiveCfg = Release|Any CPU
		{BEE97C61-DD5A-43DF-BB0F-692746F01248}.Release|Any CPU.Build.0 = Release|Any CPU
		{BCFF8B10-7C47-4493-86CA-C79109FDD880}.Debug|Any CPU.ActiveCfg = Debug|Any CPU
		{BCFF8B10-7C47-4493-86CA-C79109FDD880}.Debug|Any CPU.Build.0 = Debug|Any CPU
		{BCFF8B10-7C47-4493-86CA-C79109FDD880}.Release|Any CPU.ActiveCfg = Release|Any CPU
		{BCFF8B10-7C47-4493-86CA-C79109FDD880}.Release|Any CPU.Build.0 = Release|Any CPU
		{A5273F13-BCEC-4A15-BAC1-6E2B5E47FC85}.Debug|Any CPU.ActiveCfg = Debug|Any CPU
		{A5273F13-BCEC-4A15-BAC1-6E2B5E47FC85}.Debug|Any CPU.Build.0 = Debug|Any CPU
		{A5273F13-BCEC-4A15-BAC1-6E2B5E47FC85}.Release|Any CPU.ActiveCfg = Release|Any CPU
		{A5273F13-BCEC-4A15-BAC1-6E2B5E47FC85}.Release|Any CPU.Build.0 = Release|Any CPU
		{9D30CCE1-957B-4827-B4CA-50CA86D22C5D}.Debug|Any CPU.ActiveCfg = Debug|Any CPU
		{9D30CCE1-957B-4827-B4CA-50CA86D22C5D}.Debug|Any CPU.Build.0 = Debug|Any CPU
		{9D30CCE1-957B-4827-B4CA-50CA86D22C5D}.Release|Any CPU.ActiveCfg = Release|Any CPU
		{9D30CCE1-957B-4827-B4CA-50CA86D22C5D}.Release|Any CPU.Build.0 = Release|Any CPU
		{44B9510D-CD40-4332-9118-0400789FA812}.Debug|Any CPU.ActiveCfg = Debug|Any CPU
		{44B9510D-CD40-4332-9118-0400789FA812}.Debug|Any CPU.Build.0 = Debug|Any CPU
		{44B9510D-CD40-4332-9118-0400789FA812}.Release|Any CPU.ActiveCfg = Release|Any CPU
		{44B9510D-CD40-4332-9118-0400789FA812}.Release|Any CPU.Build.0 = Release|Any CPU
		{1DF004CB-15B6-4024-8B3C-96CA7FF82002}.Debug|Any CPU.ActiveCfg = Debug|Any CPU
		{1DF004CB-15B6-4024-8B3C-96CA7FF82002}.Debug|Any CPU.Build.0 = Debug|Any CPU
		{1DF004CB-15B6-4024-8B3C-96CA7FF82002}.Release|Any CPU.ActiveCfg = Release|Any CPU
		{1DF004CB-15B6-4024-8B3C-96CA7FF82002}.Release|Any CPU.Build.0 = Release|Any CPU
		{083C6309-9D23-486F-B0CC-79D10BF3187E}.Debug|Any CPU.ActiveCfg = Debug|Any CPU
		{083C6309-9D23-486F-B0CC-79D10BF3187E}.Debug|Any CPU.Build.0 = Debug|Any CPU
		{083C6309-9D23-486F-B0CC-79D10BF3187E}.Release|Any CPU.ActiveCfg = Release|Any CPU
		{083C6309-9D23-486F-B0CC-79D10BF3187E}.Release|Any CPU.Build.0 = Release|Any CPU
		{0F2E4A67-3449-462E-87C7-A64EA1471D5C}.Debug|Any CPU.ActiveCfg = Debug|Any CPU
		{0F2E4A67-3449-462E-87C7-A64EA1471D5C}.Debug|Any CPU.Build.0 = Debug|Any CPU
		{0F2E4A67-3449-462E-87C7-A64EA1471D5C}.Release|Any CPU.ActiveCfg = Release|Any CPU
		{0F2E4A67-3449-462E-87C7-A64EA1471D5C}.Release|Any CPU.Build.0 = Release|Any CPU
		{AEBB8AE2-1B64-4CE0-948A-23D7B259B47A}.Debug|Any CPU.ActiveCfg = Debug|Any CPU
		{AEBB8AE2-1B64-4CE0-948A-23D7B259B47A}.Debug|Any CPU.Build.0 = Debug|Any CPU
		{AEBB8AE2-1B64-4CE0-948A-23D7B259B47A}.Release|Any CPU.ActiveCfg = Release|Any CPU
		{AEBB8AE2-1B64-4CE0-948A-23D7B259B47A}.Release|Any CPU.Build.0 = Release|Any CPU
	EndGlobalSection
	GlobalSection(SolutionProperties) = preSolution
		HideSolutionNode = FALSE
	EndGlobalSection
	GlobalSection(NestedProjects) = preSolution
		{44240E6B-D9FC-4DD9-86D5-03427643ED19} = {E5248A9B-5451-46D0-BFAD-937EDADD6B32}
		{F3C4CDD5-8A1D-41FC-96A7-060BAAF7D9EE} = {E5248A9B-5451-46D0-BFAD-937EDADD6B32}
		{F524F29F-84DD-4D24-BDBC-D1C7EDF11CB8} = {E5248A9B-5451-46D0-BFAD-937EDADD6B32}
		{EA85DF17-92DE-4413-977E-A36268013390} = {9C5609F5-BDE5-47F5-A103-F0800A8B36DA}
		{DCDBCB05-5F1A-4CC9-8A2C-2E5D00B22164} = {9C5609F5-BDE5-47F5-A103-F0800A8B36DA}
		{8C6B507F-BC33-4126-8D90-648578DD749C} = {9C5609F5-BDE5-47F5-A103-F0800A8B36DA}
		{2B2FC2BD-D6D6-4B4E-BCD9-E2628FD26006} = {47C2F4EB-4B41-460B-A847-8FF5DFEB51DF}
		{1AD3CC53-7B88-496F-9539-260DFA3E5629} = {47C2F4EB-4B41-460B-A847-8FF5DFEB51DF}
		{A91A31BA-5743-4032-A636-47C6ED091909} = {47C2F4EB-4B41-460B-A847-8FF5DFEB51DF}
		{5B2C741F-959B-4283-9BF6-050CE133F221} = {0876EBE1-ABD4-441E-9B23-BFDEA3636888}
		{79E03AD9-DC9E-4F67-A2FF-9DE6BA4E3FAC} = {0876EBE1-ABD4-441E-9B23-BFDEA3636888}
		{6DD402EC-ACE4-4818-92F5-0CE9C27115E7} = {0876EBE1-ABD4-441E-9B23-BFDEA3636888}
		{BEE97C61-DD5A-43DF-BB0F-692746F01248} = {64FC47BD-5B88-47DD-9DA9-EF208E80951E}
		{BCFF8B10-7C47-4493-86CA-C79109FDD880} = {64FC47BD-5B88-47DD-9DA9-EF208E80951E}
		{A5273F13-BCEC-4A15-BAC1-6E2B5E47FC85} = {64FC47BD-5B88-47DD-9DA9-EF208E80951E}
		{9D30CCE1-957B-4827-B4CA-50CA86D22C5D} = {36F4CF19-D64E-4FE8-AFEC-BB7BEBAD9C5D}
		{44B9510D-CD40-4332-9118-0400789FA812} = {36F4CF19-D64E-4FE8-AFEC-BB7BEBAD9C5D}
		{1DF004CB-15B6-4024-8B3C-96CA7FF82002} = {36F4CF19-D64E-4FE8-AFEC-BB7BEBAD9C5D}
		{083C6309-9D23-486F-B0CC-79D10BF3187E} = {E4543B71-F8A5-4CD3-A54C-87A4753F2F95}
		{0F2E4A67-3449-462E-87C7-A64EA1471D5C} = {E4543B71-F8A5-4CD3-A54C-87A4753F2F95}
		{AEBB8AE2-1B64-4CE0-948A-23D7B259B47A} = {E4543B71-F8A5-4CD3-A54C-87A4753F2F95}
	EndGlobalSection
	GlobalSection(ExtensibilityGlobals) = postSolution
		SolutionGuid = {FF266DA1-E54D-4360-ADCE-E895B37CCAF9}
	EndGlobalSection
EndGlobal
